<?xml version="1.0" encoding="UTF-8" standalone="yes" ?>
<CodeBlocks_project_file>
	<FileVersion major="1" minor="6" />
	<Project>
		<Option title="MoS-proj" />
		<Option pch_mode="2" />
		<Option compiler="gcc" />
		<Build>
			<Target title="Debug">
				<Option output="bin/Debug/MoS-proj" prefix_auto="1" extension_auto="1" />
				<Option object_output="obj/Debug/" />
				<Option type="1" />
				<Option compiler="gcc" />
				<Compiler>
					<Add option="-g" />
				</Compiler>
				<Linker>
					<Add library="../../../Program Files (x86)/CodeBlocks/MinGW/lib/libfreeglut.a" />
					<Add library="../../../Program Files (x86)/CodeBlocks/MinGW/lib/libfreeglut_static.a" />
					<Add library="../../../Program Files (x86)/CodeBlocks/MinGW/lib/glfw3dll.a" />
					<Add library="../../../Program Files (x86)/CodeBlocks/MinGW/lib/libglfw3.a" />
					<Add library="../../../Program Files (x86)/CodeBlocks/MinGW/lib/glfw3.dll" />
				</Linker>
			</Target>
			<Target title="Release">
				<Option output="bin/Release/MoS-proj" prefix_auto="1" extension_auto="1" />
				<Option object_output="obj/Release/" />
				<Option type="0" />
				<Option compiler="gcc" />
				<Compiler>
					<Add option="-O2" />
				</Compiler>
				<Linker>
					<Add option="-s" />
				</Linker>
			</Target>
		</Build>
		<Compiler>
			<Add option="-Wall" />
		</Compiler>
		<Linker>
			<Add library="opengl32" />
			<Add library="glu32" />
			<Add library="gdi32" />
		</Linker>
		<Unit filename="main.cpp" />
		<Extensions>
			<code_completion />
			<envvars />
			<debugger />
		</Extensions>
	</Project>
</CodeBlocks_project_file>
